// !$*UTF8*$!
{
	archiveVersion = 1;
	classes = {
	};
	objectVersion = 45;
	objects = {

/* Begin PBXBuildFile section */
		2922BD1B1052E9A600F7DF18 /* Cocoa.framework in Frameworks */ = {isa = PBXBuildFile; fileRef = 1058C7A1FEA54F0111CA2CBB /* Cocoa.framework */; };
		2922BD271052E9F000F7DF18 /* worker_main.m in Sources */ = {isa = PBXBuildFile; fileRef = 2922BD261052E9F000F7DF18 /* worker_main.m */; };
		2922BD521052ECB800F7DF18 /* liolib.c in Sources */ = {isa = PBXBuildFile; fileRef = 29A6D5E81051ACCA00A22C0F /* liolib.c */; };
		2922BD531052ECB800F7DF18 /* ldblib.c in Sources */ = {isa = PBXBuildFile; fileRef = 29A6D5DD1051ACCA00A22C0F /* ldblib.c */; };
		2922BD541052ECB800F7DF18 /* llex.c in Sources */ = {isa = PBXBuildFile; fileRef = 29A6D5E91051ACCA00A22C0F /* llex.c */; };
		2922BD551052ECB800F7DF18 /* lparser.c in Sources */ = {isa = PBXBuildFile; fileRef = 29A6D5F51051ACCA00A22C0F /* lparser.c */; };
		2922BD561052ECB800F7DF18 /* lstring.c in Sources */ = {isa = PBXBuildFile; fileRef = 29A6D5F91051ACCA00A22C0F /* lstring.c */; };
		2922BD571052ECB800F7DF18 /* loslib.c in Sources */ = {isa = PBXBuildFile; fileRef = 29A6D5F41051ACCA00A22C0F /* loslib.c */; };
		2922BD581052ECB800F7DF18 /* lstrlib.c in Sources */ = {isa = PBXBuildFile; fileRef = 29A6D5FB1051ACCA00A22C0F /* lstrlib.c */; };
		2922BD591052ECB800F7DF18 /* lfunc.c in Sources */ = {isa = PBXBuildFile; fileRef = 29A6D5E31051ACCA00A22C0F /* lfunc.c */; };
		2922BD5A1052ECB800F7DF18 /* ltablib.c in Sources */ = {isa = PBXBuildFile; fileRef = 29A6D5FE1051ACCA00A22C0F /* ltablib.c */; };
		2922BD5B1052ECB800F7DF18 /* lundump.c in Sources */ = {isa = PBXBuildFile; fileRef = 29A6D6061051ACCA00A22C0F /* lundump.c */; };
		2922BD5C1052ECB800F7DF18 /* lvm.c in Sources */ = {isa = PBXBuildFile; fileRef = 29A6D6081051ACCA00A22C0F /* lvm.c */; };
		2922BD5D1052ECB800F7DF18 /* linit.c in Sources */ = {isa = PBXBuildFile; fileRef = 29A6D5E71051ACCA00A22C0F /* linit.c */; };
		2922BD5E1052ECB800F7DF18 /* lauxlib.c in Sources */ = {isa = PBXBuildFile; fileRef = 29A6D5D81051ACCA00A22C0F /* lauxlib.c */; };
		2922BD5F1052ECB800F7DF18 /* lcode.c in Sources */ = {isa = PBXBuildFile; fileRef = 29A6D5DB1051ACCA00A22C0F /* lcode.c */; };
		2922BD601052ECB800F7DF18 /* ldebug.c in Sources */ = {isa = PBXBuildFile; fileRef = 29A6D5DE1051ACCA00A22C0F /* ldebug.c */; };
		2922BD611052ECB800F7DF18 /* ldo.c in Sources */ = {isa = PBXBuildFile; fileRef = 29A6D5E01051ACCA00A22C0F /* ldo.c */; };
		2922BD621052ECB800F7DF18 /* loadlib.c in Sources */ = {isa = PBXBuildFile; fileRef = 29A6D5EF1051ACCA00A22C0F /* loadlib.c */; };
		2922BD631052ECB800F7DF18 /* lapi.c in Sources */ = {isa = PBXBuildFile; fileRef = 29A6D5D61051ACCA00A22C0F /* lapi.c */; };
		2922BD641052ECB800F7DF18 /* lobject.c in Sources */ = {isa = PBXBuildFile; fileRef = 29A6D5F01051ACCA00A22C0F /* lobject.c */; };
		2922BD651052ECB800F7DF18 /* ltable.c in Sources */ = {isa = PBXBuildFile; fileRef = 29A6D5FC1051ACCA00A22C0F /* ltable.c */; };
		2922BD661052ECB800F7DF18 /* lmathlib.c in Sources */ = {isa = PBXBuildFile; fileRef = 29A6D5EC1051ACCA00A22C0F /* lmathlib.c */; };
		2922BD671052ECB800F7DF18 /* print.c in Sources */ = {isa = PBXBuildFile; fileRef = 29A6D60C1051ACCA00A22C0F /* print.c */; };
		2922BD681052ECB800F7DF18 /* lbaselib.c in Sources */ = {isa = PBXBuildFile; fileRef = 29A6D5DA1051ACCA00A22C0F /* lbaselib.c */; };
		2922BD691052ECB800F7DF18 /* ltm.c in Sources */ = {isa = PBXBuildFile; fileRef = 29A6D5FF1051ACCA00A22C0F /* ltm.c */; };
		2922BD6A1052ECB800F7DF18 /* lmem.c in Sources */ = {isa = PBXBuildFile; fileRef = 29A6D5ED1051ACCA00A22C0F /* lmem.c */; };
		2922BD6B1052ECB800F7DF18 /* lstate.c in Sources */ = {isa = PBXBuildFile; fileRef = 29A6D5F71051ACCA00A22C0F /* lstate.c */; };
		2922BD6C1052ECB800F7DF18 /* ldump.c in Sources */ = {isa = PBXBuildFile; fileRef = 29A6D5E21051ACCA00A22C0F /* ldump.c */; };
		2922BD6D1052ECB800F7DF18 /* lgc.c in Sources */ = {isa = PBXBuildFile; fileRef = 29A6D5E51051ACCA00A22C0F /* lgc.c */; };
		2922BD6E1052ECB800F7DF18 /* lopcodes.c in Sources */ = {isa = PBXBuildFile; fileRef = 29A6D5F21051ACCA00A22C0F /* lopcodes.c */; };
		2922BD6F1052ECB800F7DF18 /* lzio.c in Sources */ = {isa = PBXBuildFile; fileRef = 29A6D60A1051ACCA00A22C0F /* lzio.c */; };
		297F98CE105183A200206CCB /* FolderViewController.m in Sources */ = {isa = PBXBuildFile; fileRef = 297F98CD105183A200206CCB /* FolderViewController.m */; };
		297F98D1105183CB00206CCB /* FolderView.xib in Resources */ = {isa = PBXBuildFile; fileRef = 297F98D0105183CB00206CCB /* FolderView.xib */; };
		297F993E10518B7D00206CCB /* RuleView.xib in Resources */ = {isa = PBXBuildFile; fileRef = 297F993D10518B7D00206CCB /* RuleView.xib */; };
		297F994010518B8B00206CCB /* MethodView.xib in Resources */ = {isa = PBXBuildFile; fileRef = 297F993F10518B8B00206CCB /* MethodView.xib */; };
		297F994310518B9C00206CCB /* RuleViewController.m in Sources */ = {isa = PBXBuildFile; fileRef = 297F994210518B9C00206CCB /* RuleViewController.m */; };
		297F994610518BA700206CCB /* MethodViewController.m in Sources */ = {isa = PBXBuildFile; fileRef = 297F994510518BA700206CCB /* MethodViewController.m */; };
		297F995510518F1D00206CCB /* BasicViewController.m in Sources */ = {isa = PBXBuildFile; fileRef = 297F995410518F1D00206CCB /* BasicViewController.m */; };
		29A0AF9F104DAE10002C0677 /* SelectableCollectionView.m in Sources */ = {isa = PBXBuildFile; fileRef = 29A0AF9C104DAE10002C0677 /* SelectableCollectionView.m */; };
		29A0AFA0104DAE10002C0677 /* SelectableViewItem.m in Sources */ = {isa = PBXBuildFile; fileRef = 29A0AF9E104DAE10002C0677 /* SelectableViewItem.m */; };
		29A0AFA3104DAE4E002C0677 /* SelectableDetailView.m in Sources */ = {isa = PBXBuildFile; fileRef = 29A0AFA2104DAE4E002C0677 /* SelectableDetailView.m */; };
		29A6D60D1051ACCA00A22C0F /* lapi.c in Sources */ = {isa = PBXBuildFile; fileRef = 29A6D5D61051ACCA00A22C0F /* lapi.c */; };
		29A6D60E1051ACCA00A22C0F /* lauxlib.c in Sources */ = {isa = PBXBuildFile; fileRef = 29A6D5D81051ACCA00A22C0F /* lauxlib.c */; };
		29A6D60F1051ACCA00A22C0F /* lbaselib.c in Sources */ = {isa = PBXBuildFile; fileRef = 29A6D5DA1051ACCA00A22C0F /* lbaselib.c */; };
		29A6D6101051ACCA00A22C0F /* lcode.c in Sources */ = {isa = PBXBuildFile; fileRef = 29A6D5DB1051ACCA00A22C0F /* lcode.c */; };
		29A6D6111051ACCA00A22C0F /* ldblib.c in Sources */ = {isa = PBXBuildFile; fileRef = 29A6D5DD1051ACCA00A22C0F /* ldblib.c */; };
		29A6D6121051ACCA00A22C0F /* ldebug.c in Sources */ = {isa = PBXBuildFile; fileRef = 29A6D5DE1051ACCA00A22C0F /* ldebug.c */; };
		29A6D6131051ACCA00A22C0F /* ldo.c in Sources */ = {isa = PBXBuildFile; fileRef = 29A6D5E01051ACCA00A22C0F /* ldo.c */; };
		29A6D6141051ACCA00A22C0F /* ldump.c in Sources */ = {isa = PBXBuildFile; fileRef = 29A6D5E21051ACCA00A22C0F /* ldump.c */; };
		29A6D6151051ACCA00A22C0F /* lfunc.c in Sources */ = {isa = PBXBuildFile; fileRef = 29A6D5E31051ACCA00A22C0F /* lfunc.c */; };
		29A6D6161051ACCA00A22C0F /* lgc.c in Sources */ = {isa = PBXBuildFile; fileRef = 29A6D5E51051ACCA00A22C0F /* lgc.c */; };
		29A6D6171051ACCA00A22C0F /* linit.c in Sources */ = {isa = PBXBuildFile; fileRef = 29A6D5E71051ACCA00A22C0F /* linit.c */; };
		29A6D6181051ACCA00A22C0F /* liolib.c in Sources */ = {isa = PBXBuildFile; fileRef = 29A6D5E81051ACCA00A22C0F /* liolib.c */; };
		29A6D6191051ACCA00A22C0F /* llex.c in Sources */ = {isa = PBXBuildFile; fileRef = 29A6D5E91051ACCA00A22C0F /* llex.c */; };
		29A6D61A1051ACCA00A22C0F /* lmathlib.c in Sources */ = {isa = PBXBuildFile; fileRef = 29A6D5EC1051ACCA00A22C0F /* lmathlib.c */; };
		29A6D61B1051ACCA00A22C0F /* lmem.c in Sources */ = {isa = PBXBuildFile; fileRef = 29A6D5ED1051ACCA00A22C0F /* lmem.c */; };
		29A6D61C1051ACCA00A22C0F /* loadlib.c in Sources */ = {isa = PBXBuildFile; fileRef = 29A6D5EF1051ACCA00A22C0F /* loadlib.c */; };
		29A6D61D1051ACCA00A22C0F /* lobject.c in Sources */ = {isa = PBXBuildFile; fileRef = 29A6D5F01051ACCA00A22C0F /* lobject.c */; };
		29A6D61E1051ACCA00A22C0F /* lopcodes.c in Sources */ = {isa = PBXBuildFile; fileRef = 29A6D5F21051ACCA00A22C0F /* lopcodes.c */; };
		29A6D61F1051ACCA00A22C0F /* loslib.c in Sources */ = {isa = PBXBuildFile; fileRef = 29A6D5F41051ACCA00A22C0F /* loslib.c */; };
		29A6D6201051ACCA00A22C0F /* lparser.c in Sources */ = {isa = PBXBuildFile; fileRef = 29A6D5F51051ACCA00A22C0F /* lparser.c */; };
		29A6D6211051ACCA00A22C0F /* lstate.c in Sources */ = {isa = PBXBuildFile; fileRef = 29A6D5F71051ACCA00A22C0F /* lstate.c */; };
		29A6D6221051ACCA00A22C0F /* lstring.c in Sources */ = {isa = PBXBuildFile; fileRef = 29A6D5F91051ACCA00A22C0F /* lstring.c */; };
		29A6D6231051ACCA00A22C0F /* lstrlib.c in Sources */ = {isa = PBXBuildFile; fileRef = 29A6D5FB1051ACCA00A22C0F /* lstrlib.c */; };
		29A6D6241051ACCA00A22C0F /* ltable.c in Sources */ = {isa = PBXBuildFile; fileRef = 29A6D5FC1051ACCA00A22C0F /* ltable.c */; };
		29A6D6251051ACCA00A22C0F /* ltablib.c in Sources */ = {isa = PBXBuildFile; fileRef = 29A6D5FE1051ACCA00A22C0F /* ltablib.c */; };
		29A6D6261051ACCA00A22C0F /* ltm.c in Sources */ = {isa = PBXBuildFile; fileRef = 29A6D5FF1051ACCA00A22C0F /* ltm.c */; };
		29A6D6291051ACCA00A22C0F /* lundump.c in Sources */ = {isa = PBXBuildFile; fileRef = 29A6D6061051ACCA00A22C0F /* lundump.c */; };
		29A6D62A1051ACCA00A22C0F /* lvm.c in Sources */ = {isa = PBXBuildFile; fileRef = 29A6D6081051ACCA00A22C0F /* lvm.c */; };
		29A6D62B1051ACCA00A22C0F /* lzio.c in Sources */ = {isa = PBXBuildFile; fileRef = 29A6D60A1051ACCA00A22C0F /* lzio.c */; };
		29A6D62C1051ACCA00A22C0F /* print.c in Sources */ = {isa = PBXBuildFile; fileRef = 29A6D60C1051ACCA00A22C0F /* print.c */; };
		29A6D6431051AE2000A22C0F /* StandardLibrary.lua in Resources */ = {isa = PBXBuildFile; fileRef = 29A6D6421051AE2000A22C0F /* StandardLibrary.lua */; };
		29A6D71B1051B87000A22C0F /* LuaHandling.m in Sources */ = {isa = PBXBuildFile; fileRef = 29A6D71A1051B87000A22C0F /* LuaHandling.m */; };
		29A6D7841051BDC100A22C0F /* DraggableDetailView.m in Sources */ = {isa = PBXBuildFile; fileRef = 29A6D7831051BDC100A22C0F /* DraggableDetailView.m */; };
		29CF171D104DC9F30046DCCF /* ValueTransformers.m in Sources */ = {isa = PBXBuildFile; fileRef = 29CF171C104DC9F30046DCCF /* ValueTransformers.m */; };
		2F7446990DB6B7EA00F9684A /* MainMenu.xib in Resources */ = {isa = PBXBuildFile; fileRef = 2F7446970DB6B7EA00F9684A /* MainMenu.xib */; };
		770B37ED0679A11B001EADE2 /* Almond_DataModel.xcdatamodel in Sources */ = {isa = PBXBuildFile; fileRef = 770B37EC0679A11B001EADE2 /* Almond_DataModel.xcdatamodel */; };
		77C8280E06725ACE000B614F /* Almond_AppDelegate.m in Sources */ = {isa = PBXBuildFile; fileRef = 77C8280C06725ACE000B614F /* Almond_AppDelegate.m */; };
		8D11072B0486CEB800E47090 /* InfoPlist.strings in Resources */ = {isa = PBXBuildFile; fileRef = 089C165CFE840E0CC02AAC07 /* InfoPlist.strings */; };
		8D11072D0486CEB800E47090 /* main.m in Sources */ = {isa = PBXBuildFile; fileRef = 29B97316FDCFA39411CA2CEA /* main.m */; settings = {ATTRIBUTES = (); }; };
		8D11072F0486CEB800E47090 /* Cocoa.framework in Frameworks */ = {isa = PBXBuildFile; fileRef = 1058C7A1FEA54F0111CA2CBB /* Cocoa.framework */; };
/* End PBXBuildFile section */

/* Begin PBXContainerItemProxy section */
		2922BD351052EA6D00F7DF18 /* PBXContainerItemProxy */ = {
			isa = PBXContainerItemProxy;
			containerPortal = 29B97313FDCFA39411CA2CEA /* Project object */;
			proxyType = 1;
			remoteGlobalIDString = 2922BD161052E99000F7DF18 /* AlmondWorker */;
			remoteInfo = AlmondWorker;
		};
/* End PBXContainerItemProxy section */

/* Begin PBXFileReference section */
		089C165DFE840E0CC02AAC07 /* English */ = {isa = PBXFileReference; fileEncoding = 10; lastKnownFileType = text.plist.strings; name = English; path = English.lproj/InfoPlist.strings; sourceTree = "<group>"; };
		1058C7A1FEA54F0111CA2CBB /* Cocoa.framework */ = {isa = PBXFileReference; lastKnownFileType = wrapper.framework; name = Cocoa.framework; path = /System/Library/Frameworks/Cocoa.framework; sourceTree = "<absolute>"; };
		2922BD171052E99000F7DF18 /* AlmondWorker */ = {isa = PBXFileReference; explicitFileType = "compiled.mach-o.executable"; includeInIndex = 0; path = AlmondWorker; sourceTree = BUILT_PRODUCTS_DIR; };
		2922BD261052E9F000F7DF18 /* worker_main.m */ = {isa = PBXFileReference; explicitFileType = sourcecode.c.objc; fileEncoding = 4; path = worker_main.m; sourceTree = "<group>"; };
		297F98CC105183A200206CCB /* FolderViewController.h */ = {isa = PBXFileReference; fileEncoding = 4; lastKnownFileType = sourcecode.c.h; path = FolderViewController.h; sourceTree = "<group>"; };
		297F98CD105183A200206CCB /* FolderViewController.m */ = {isa = PBXFileReference; fileEncoding = 4; lastKnownFileType = sourcecode.c.objc; path = FolderViewController.m; sourceTree = "<group>"; };
		297F98D0105183CB00206CCB /* FolderView.xib */ = {isa = PBXFileReference; lastKnownFileType = file.xib; path = FolderView.xib; sourceTree = "<group>"; };
		297F993D10518B7D00206CCB /* RuleView.xib */ = {isa = PBXFileReference; lastKnownFileType = file.xib; path = RuleView.xib; sourceTree = "<group>"; };
		297F993F10518B8B00206CCB /* MethodView.xib */ = {isa = PBXFileReference; lastKnownFileType = file.xib; path = MethodView.xib; sourceTree = "<group>"; };
		297F994110518B9C00206CCB /* RuleViewController.h */ = {isa = PBXFileReference; fileEncoding = 4; lastKnownFileType = sourcecode.c.h; path = RuleViewController.h; sourceTree = "<group>"; };
		297F994210518B9C00206CCB /* RuleViewController.m */ = {isa = PBXFileReference; fileEncoding = 4; lastKnownFileType = sourcecode.c.objc; path = RuleViewController.m; sourceTree = "<group>"; };
		297F994410518BA700206CCB /* MethodViewController.h */ = {isa = PBXFileReference; fileEncoding = 4; lastKnownFileType = sourcecode.c.h; path = MethodViewController.h; sourceTree = "<group>"; };
		297F994510518BA700206CCB /* MethodViewController.m */ = {isa = PBXFileReference; fileEncoding = 4; lastKnownFileType = sourcecode.c.objc; path = MethodViewController.m; sourceTree = "<group>"; };
		297F995310518F1D00206CCB /* BasicViewController.h */ = {isa = PBXFileReference; fileEncoding = 4; lastKnownFileType = sourcecode.c.h; path = BasicViewController.h; sourceTree = "<group>"; };
		297F995410518F1D00206CCB /* BasicViewController.m */ = {isa = PBXFileReference; fileEncoding = 4; lastKnownFileType = sourcecode.c.objc; path = BasicViewController.m; sourceTree = "<group>"; };
		298322BE1052BAB50056424A /* AlmondWorker-Info.plist */ = {isa = PBXFileReference; lastKnownFileType = text.plist.xml; path = "AlmondWorker-Info.plist"; sourceTree = "<group>"; };
		29A0AF9B104DAE10002C0677 /* SelectableCollectionView.h */ = {isa = PBXFileReference; fileEncoding = 4; lastKnownFileType = sourcecode.c.h; path = SelectableCollectionView.h; sourceTree = "<group>"; };
		29A0AF9C104DAE10002C0677 /* SelectableCollectionView.m */ = {isa = PBXFileReference; fileEncoding = 4; lastKnownFileType = sourcecode.c.objc; path = SelectableCollectionView.m; sourceTree = "<group>"; };
		29A0AF9D104DAE10002C0677 /* SelectableViewItem.h */ = {isa = PBXFileReference; fileEncoding = 4; lastKnownFileType = sourcecode.c.h; path = SelectableViewItem.h; sourceTree = "<group>"; };
		29A0AF9E104DAE10002C0677 /* SelectableViewItem.m */ = {isa = PBXFileReference; fileEncoding = 4; lastKnownFileType = sourcecode.c.objc; path = SelectableViewItem.m; sourceTree = "<group>"; };
		29A0AFA1104DAE4E002C0677 /* SelectableDetailView.h */ = {isa = PBXFileReference; fileEncoding = 4; lastKnownFileType = sourcecode.c.h; path = SelectableDetailView.h; sourceTree = "<group>"; };
		29A0AFA2104DAE4E002C0677 /* SelectableDetailView.m */ = {isa = PBXFileReference; fileEncoding = 4; lastKnownFileType = sourcecode.c.objc; path = SelectableDetailView.m; sourceTree = "<group>"; };
		29A6D5D61051ACCA00A22C0F /* lapi.c */ = {isa = PBXFileReference; fileEncoding = 4; lastKnownFileType = sourcecode.c.c; name = lapi.c; path = "lua-5.1.4/src/lapi.c"; sourceTree = "<group>"; };
		29A6D5D71051ACCA00A22C0F /* lapi.h */ = {isa = PBXFileReference; fileEncoding = 4; lastKnownFileType = sourcecode.c.h; name = lapi.h; path = "lua-5.1.4/src/lapi.h"; sourceTree = "<group>"; };
		29A6D5D81051ACCA00A22C0F /* lauxlib.c */ = {isa = PBXFileReference; fileEncoding = 4; lastKnownFileType = sourcecode.c.c; name = lauxlib.c; path = "lua-5.1.4/src/lauxlib.c"; sourceTree = "<group>"; };
		29A6D5D91051ACCA00A22C0F /* lauxlib.h */ = {isa = PBXFileReference; fileEncoding = 4; lastKnownFileType = sourcecode.c.h; name = lauxlib.h; path = "lua-5.1.4/src/lauxlib.h"; sourceTree = "<group>"; };
		29A6D5DA1051ACCA00A22C0F /* lbaselib.c */ = {isa = PBXFileReference; fileEncoding = 4; lastKnownFileType = sourcecode.c.c; name = lbaselib.c; path = "lua-5.1.4/src/lbaselib.c"; sourceTree = "<group>"; };
		29A6D5DB1051ACCA00A22C0F /* lcode.c */ = {isa = PBXFileReference; fileEncoding = 4; lastKnownFileType = sourcecode.c.c; name = lcode.c; path = "lua-5.1.4/src/lcode.c"; sourceTree = "<group>"; };
		29A6D5DC1051ACCA00A22C0F /* lcode.h */ = {isa = PBXFileReference; fileEncoding = 4; lastKnownFileType = sourcecode.c.h; name = lcode.h; path = "lua-5.1.4/src/lcode.h"; sourceTree = "<group>"; };
		29A6D5DD1051ACCA00A22C0F /* ldblib.c */ = {isa = PBXFileReference; fileEncoding = 4; lastKnownFileType = sourcecode.c.c; name = ldblib.c; path = "lua-5.1.4/src/ldblib.c"; sourceTree = "<group>"; };
		29A6D5DE1051ACCA00A22C0F /* ldebug.c */ = {isa = PBXFileReference; fileEncoding = 4; lastKnownFileType = sourcecode.c.c; name = ldebug.c; path = "lua-5.1.4/src/ldebug.c"; sourceTree = "<group>"; };
		29A6D5DF1051ACCA00A22C0F /* ldebug.h */ = {isa = PBXFileReference; fileEncoding = 4; lastKnownFileType = sourcecode.c.h; name = ldebug.h; path = "lua-5.1.4/src/ldebug.h"; sourceTree = "<group>"; };
		29A6D5E01051ACCA00A22C0F /* ldo.c */ = {isa = PBXFileReference; fileEncoding = 4; lastKnownFileType = sourcecode.c.c; name = ldo.c; path = "lua-5.1.4/src/ldo.c"; sourceTree = "<group>"; };
		29A6D5E11051ACCA00A22C0F /* ldo.h */ = {isa = PBXFileReference; fileEncoding = 4; lastKnownFileType = sourcecode.c.h; name = ldo.h; path = "lua-5.1.4/src/ldo.h"; sourceTree = "<group>"; };
		29A6D5E21051ACCA00A22C0F /* ldump.c */ = {isa = PBXFileReference; fileEncoding = 4; lastKnownFileType = sourcecode.c.c; name = ldump.c; path = "lua-5.1.4/src/ldump.c"; sourceTree = "<group>"; };
		29A6D5E31051ACCA00A22C0F /* lfunc.c */ = {isa = PBXFileReference; fileEncoding = 4; lastKnownFileType = sourcecode.c.c; name = lfunc.c; path = "lua-5.1.4/src/lfunc.c"; sourceTree = "<group>"; };
		29A6D5E41051ACCA00A22C0F /* lfunc.h */ = {isa = PBXFileReference; fileEncoding = 4; lastKnownFileType = sourcecode.c.h; name = lfunc.h; path = "lua-5.1.4/src/lfunc.h"; sourceTree = "<group>"; };
		29A6D5E51051ACCA00A22C0F /* lgc.c */ = {isa = PBXFileReference; fileEncoding = 4; lastKnownFileType = sourcecode.c.c; name = lgc.c; path = "lua-5.1.4/src/lgc.c"; sourceTree = "<group>"; };
		29A6D5E61051ACCA00A22C0F /* lgc.h */ = {isa = PBXFileReference; fileEncoding = 4; lastKnownFileType = sourcecode.c.h; name = lgc.h; path = "lua-5.1.4/src/lgc.h"; sourceTree = "<group>"; };
		29A6D5E71051ACCA00A22C0F /* linit.c */ = {isa = PBXFileReference; fileEncoding = 4; lastKnownFileType = sourcecode.c.c; name = linit.c; path = "lua-5.1.4/src/linit.c"; sourceTree = "<group>"; };
		29A6D5E81051ACCA00A22C0F /* liolib.c */ = {isa = PBXFileReference; fileEncoding = 4; lastKnownFileType = sourcecode.c.c; name = liolib.c; path = "lua-5.1.4/src/liolib.c"; sourceTree = "<group>"; };
		29A6D5E91051ACCA00A22C0F /* llex.c */ = {isa = PBXFileReference; fileEncoding = 4; lastKnownFileType = sourcecode.c.c; name = llex.c; path = "lua-5.1.4/src/llex.c"; sourceTree = "<group>"; };
		29A6D5EA1051ACCA00A22C0F /* llex.h */ = {isa = PBXFileReference; fileEncoding = 4; lastKnownFileType = sourcecode.c.h; name = llex.h; path = "lua-5.1.4/src/llex.h"; sourceTree = "<group>"; };
		29A6D5EB1051ACCA00A22C0F /* llimits.h */ = {isa = PBXFileReference; fileEncoding = 4; lastKnownFileType = sourcecode.c.h; name = llimits.h; path = "lua-5.1.4/src/llimits.h"; sourceTree = "<group>"; };
		29A6D5EC1051ACCA00A22C0F /* lmathlib.c */ = {isa = PBXFileReference; fileEncoding = 4; lastKnownFileType = sourcecode.c.c; name = lmathlib.c; path = "lua-5.1.4/src/lmathlib.c"; sourceTree = "<group>"; };
		29A6D5ED1051ACCA00A22C0F /* lmem.c */ = {isa = PBXFileReference; fileEncoding = 4; lastKnownFileType = sourcecode.c.c; name = lmem.c; path = "lua-5.1.4/src/lmem.c"; sourceTree = "<group>"; };
		29A6D5EE1051ACCA00A22C0F /* lmem.h */ = {isa = PBXFileReference; fileEncoding = 4; lastKnownFileType = sourcecode.c.h; name = lmem.h; path = "lua-5.1.4/src/lmem.h"; sourceTree = "<group>"; };
		29A6D5EF1051ACCA00A22C0F /* loadlib.c */ = {isa = PBXFileReference; fileEncoding = 4; lastKnownFileType = sourcecode.c.c; name = loadlib.c; path = "lua-5.1.4/src/loadlib.c"; sourceTree = "<group>"; };
		29A6D5F01051ACCA00A22C0F /* lobject.c */ = {isa = PBXFileReference; fileEncoding = 4; lastKnownFileType = sourcecode.c.c; name = lobject.c; path = "lua-5.1.4/src/lobject.c"; sourceTree = "<group>"; };
		29A6D5F11051ACCA00A22C0F /* lobject.h */ = {isa = PBXFileReference; fileEncoding = 4; lastKnownFileType = sourcecode.c.h; name = lobject.h; path = "lua-5.1.4/src/lobject.h"; sourceTree = "<group>"; };
		29A6D5F21051ACCA00A22C0F /* lopcodes.c */ = {isa = PBXFileReference; fileEncoding = 4; lastKnownFileType = sourcecode.c.c; name = lopcodes.c; path = "lua-5.1.4/src/lopcodes.c"; sourceTree = "<group>"; };
		29A6D5F31051ACCA00A22C0F /* lopcodes.h */ = {isa = PBXFileReference; fileEncoding = 4; lastKnownFileType = sourcecode.c.h; name = lopcodes.h; path = "lua-5.1.4/src/lopcodes.h"; sourceTree = "<group>"; };
		29A6D5F41051ACCA00A22C0F /* loslib.c */ = {isa = PBXFileReference; fileEncoding = 4; lastKnownFileType = sourcecode.c.c; name = loslib.c; path = "lua-5.1.4/src/loslib.c"; sourceTree = "<group>"; };
		29A6D5F51051ACCA00A22C0F /* lparser.c */ = {isa = PBXFileReference; fileEncoding = 4; lastKnownFileType = sourcecode.c.c; name = lparser.c; path = "lua-5.1.4/src/lparser.c"; sourceTree = "<group>"; };
		29A6D5F61051ACCA00A22C0F /* lparser.h */ = {isa = PBXFileReference; fileEncoding = 4; lastKnownFileType = sourcecode.c.h; name = lparser.h; path = "lua-5.1.4/src/lparser.h"; sourceTree = "<group>"; };
		29A6D5F71051ACCA00A22C0F /* lstate.c */ = {isa = PBXFileReference; fileEncoding = 4; lastKnownFileType = sourcecode.c.c; name = lstate.c; path = "lua-5.1.4/src/lstate.c"; sourceTree = "<group>"; };
		29A6D5F81051ACCA00A22C0F /* lstate.h */ = {isa = PBXFileReference; fileEncoding = 4; lastKnownFileType = sourcecode.c.h; name = lstate.h; path = "lua-5.1.4/src/lstate.h"; sourceTree = "<group>"; };
		29A6D5F91051ACCA00A22C0F /* lstring.c */ = {isa = PBXFileReference; fileEncoding = 4; lastKnownFileType = sourcecode.c.c; name = lstring.c; path = "lua-5.1.4/src/lstring.c"; sourceTree = "<group>"; };
		29A6D5FA1051ACCA00A22C0F /* lstring.h */ = {isa = PBXFileReference; fileEncoding = 4; lastKnownFileType = sourcecode.c.h; name = lstring.h; path = "lua-5.1.4/src/lstring.h"; sourceTree = "<group>"; };
		29A6D5FB1051ACCA00A22C0F /* lstrlib.c */ = {isa = PBXFileReference; fileEncoding = 4; lastKnownFileType = sourcecode.c.c; name = lstrlib.c; path = "lua-5.1.4/src/lstrlib.c"; sourceTree = "<group>"; };
		29A6D5FC1051ACCA00A22C0F /* ltable.c */ = {isa = PBXFileReference; fileEncoding = 4; lastKnownFileType = sourcecode.c.c; name = ltable.c; path = "lua-5.1.4/src/ltable.c"; sourceTree = "<group>"; };
		29A6D5FD1051ACCA00A22C0F /* ltable.h */ = {isa = PBXFileReference; fileEncoding = 4; lastKnownFileType = sourcecode.c.h; name = ltable.h; path = "lua-5.1.4/src/ltable.h"; sourceTree = "<group>"; };
		29A6D5FE1051ACCA00A22C0F /* ltablib.c */ = {isa = PBXFileReference; fileEncoding = 4; lastKnownFileType = sourcecode.c.c; name = ltablib.c; path = "lua-5.1.4/src/ltablib.c"; sourceTree = "<group>"; };
		29A6D5FF1051ACCA00A22C0F /* ltm.c */ = {isa = PBXFileReference; fileEncoding = 4; lastKnownFileType = sourcecode.c.c; name = ltm.c; path = "lua-5.1.4/src/ltm.c"; sourceTree = "<group>"; };
		29A6D6001051ACCA00A22C0F /* ltm.h */ = {isa = PBXFileReference; fileEncoding = 4; lastKnownFileType = sourcecode.c.h; name = ltm.h; path = "lua-5.1.4/src/ltm.h"; sourceTree = "<group>"; };
		29A6D6041051ACCA00A22C0F /* luaconf.h */ = {isa = PBXFileReference; fileEncoding = 4; lastKnownFileType = sourcecode.c.h; name = luaconf.h; path = "lua-5.1.4/src/luaconf.h"; sourceTree = "<group>"; };
		29A6D6051051ACCA00A22C0F /* lualib.h */ = {isa = PBXFileReference; fileEncoding = 4; lastKnownFileType = sourcecode.c.h; name = lualib.h; path = "lua-5.1.4/src/lualib.h"; sourceTree = "<group>"; };
		29A6D6061051ACCA00A22C0F /* lundump.c */ = {isa = PBXFileReference; fileEncoding = 4; lastKnownFileType = sourcecode.c.c; name = lundump.c; path = "lua-5.1.4/src/lundump.c"; sourceTree = "<group>"; };
		29A6D6071051ACCA00A22C0F /* lundump.h */ = {isa = PBXFileReference; fileEncoding = 4; lastKnownFileType = sourcecode.c.h; name = lundump.h; path = "lua-5.1.4/src/lundump.h"; sourceTree = "<group>"; };
		29A6D6081051ACCA00A22C0F /* lvm.c */ = {isa = PBXFileReference; fileEncoding = 4; lastKnownFileType = sourcecode.c.c; name = lvm.c; path = "lua-5.1.4/src/lvm.c"; sourceTree = "<group>"; };
		29A6D6091051ACCA00A22C0F /* lvm.h */ = {isa = PBXFileReference; fileEncoding = 4; lastKnownFileType = sourcecode.c.h; name = lvm.h; path = "lua-5.1.4/src/lvm.h"; sourceTree = "<group>"; };
		29A6D60A1051ACCA00A22C0F /* lzio.c */ = {isa = PBXFileReference; fileEncoding = 4; lastKnownFileType = sourcecode.c.c; name = lzio.c; path = "lua-5.1.4/src/lzio.c"; sourceTree = "<group>"; };
		29A6D60B1051ACCA00A22C0F /* lzio.h */ = {isa = PBXFileReference; fileEncoding = 4; lastKnownFileType = sourcecode.c.h; name = lzio.h; path = "lua-5.1.4/src/lzio.h"; sourceTree = "<group>"; };
		29A6D60C1051ACCA00A22C0F /* print.c */ = {isa = PBXFileReference; fileEncoding = 4; lastKnownFileType = sourcecode.c.c; name = print.c; path = "lua-5.1.4/src/print.c"; sourceTree = "<group>"; };
		29A6D6421051AE2000A22C0F /* StandardLibrary.lua */ = {isa = PBXFileReference; explicitFileType = sourcecode; fileEncoding = 4; path = StandardLibrary.lua; sourceTree = "<group>"; };
		29A6D7191051B87000A22C0F /* LuaHandling.h */ = {isa = PBXFileReference; fileEncoding = 4; lastKnownFileType = sourcecode.c.h; path = LuaHandling.h; sourceTree = "<group>"; };
		29A6D71A1051B87000A22C0F /* LuaHandling.m */ = {isa = PBXFileReference; fileEncoding = 4; lastKnownFileType = sourcecode.c.objc; path = LuaHandling.m; sourceTree = "<group>"; };
		29A6D7821051BDC100A22C0F /* DraggableDetailView.h */ = {isa = PBXFileReference; fileEncoding = 4; lastKnownFileType = sourcecode.c.h; path = DraggableDetailView.h; sourceTree = "<group>"; };
		29A6D7831051BDC100A22C0F /* DraggableDetailView.m */ = {isa = PBXFileReference; fileEncoding = 4; lastKnownFileType = sourcecode.c.objc; path = DraggableDetailView.m; sourceTree = "<group>"; };
		29B97316FDCFA39411CA2CEA /* main.m */ = {isa = PBXFileReference; fileEncoding = 4; lastKnownFileType = sourcecode.c.objc; path = main.m; sourceTree = "<group>"; };
		29B97324FDCFA39411CA2CEA /* AppKit.framework */ = {isa = PBXFileReference; lastKnownFileType = wrapper.framework; name = AppKit.framework; path = /System/Library/Frameworks/AppKit.framework; sourceTree = "<absolute>"; };
		29B97325FDCFA39411CA2CEA /* Foundation.framework */ = {isa = PBXFileReference; lastKnownFileType = wrapper.framework; name = Foundation.framework; path = /System/Library/Frameworks/Foundation.framework; sourceTree = "<absolute>"; };
		29CF171B104DC9F30046DCCF /* ValueTransformers.h */ = {isa = PBXFileReference; fileEncoding = 4; lastKnownFileType = sourcecode.c.h; path = ValueTransformers.h; sourceTree = "<group>"; };
		29CF171C104DC9F30046DCCF /* ValueTransformers.m */ = {isa = PBXFileReference; fileEncoding = 4; lastKnownFileType = sourcecode.c.objc; path = ValueTransformers.m; sourceTree = "<group>"; };
		2F7446980DB6B7EA00F9684A /* English */ = {isa = PBXFileReference; lastKnownFileType = file.xib; name = English; path = English.lproj/MainMenu.xib; sourceTree = "<group>"; };
		32CA4F630368D1EE00C91783 /* Almond_Prefix.pch */ = {isa = PBXFileReference; fileEncoding = 4; lastKnownFileType = sourcecode.c.h; path = Almond_Prefix.pch; sourceTree = "<group>"; };
		770B37EC0679A11B001EADE2 /* Almond_DataModel.xcdatamodel */ = {isa = PBXFileReference; fileEncoding = 4; lastKnownFileType = wrapper.xcdatamodel; path = Almond_DataModel.xcdatamodel; sourceTree = "<group>"; };
		77C82804067257F0000B614F /* CoreData.framework */ = {isa = PBXFileReference; lastKnownFileType = wrapper.framework; name = CoreData.framework; path = /System/Library/Frameworks/CoreData.framework; sourceTree = "<absolute>"; };
		77C8280B06725ACE000B614F /* Almond_AppDelegate.h */ = {isa = PBXFileReference; fileEncoding = 4; lastKnownFileType = sourcecode.c.h; path = Almond_AppDelegate.h; sourceTree = "<group>"; };
		77C8280C06725ACE000B614F /* Almond_AppDelegate.m */ = {isa = PBXFileReference; fileEncoding = 4; lastKnownFileType = sourcecode.c.objc; path = Almond_AppDelegate.m; sourceTree = "<group>"; };
		8D1107310486CEB800E47090 /* Almond-Info.plist */ = {isa = PBXFileReference; explicitFileType = text.plist.xml; fileEncoding = 4; path = "Almond-Info.plist"; sourceTree = "<group>"; };
		8D1107320486CEB800E47090 /* Almond.app */ = {isa = PBXFileReference; explicitFileType = wrapper.application; includeInIndex = 0; path = Almond.app; sourceTree = BUILT_PRODUCTS_DIR; };
/* End PBXFileReference section */

/* Begin PBXFrameworksBuildPhase section */
		2922BD151052E99000F7DF18 /* Frameworks */ = {
			isa = PBXFrameworksBuildPhase;
			buildActionMask = 2147483647;
			files = (
				2922BD1B1052E9A600F7DF18 /* Cocoa.framework in Frameworks */,
			);
			runOnlyForDeploymentPostprocessing = 0;
		};
		8D11072E0486CEB800E47090 /* Frameworks */ = {
			isa = PBXFrameworksBuildPhase;
			buildActionMask = 2147483647;
			files = (
				8D11072F0486CEB800E47090 /* Cocoa.framework in Frameworks */,
			);
			runOnlyForDeploymentPostprocessing = 0;
		};
/* End PBXFrameworksBuildPhase section */

/* Begin PBXGroup section */
		080E96DDFE201D6D7F000001 /* Classes */ = {
			isa = PBXGroup;
			children = (
				29CF171B104DC9F30046DCCF /* ValueTransformers.h */,
				29CF171C104DC9F30046DCCF /* ValueTransformers.m */,
				29A0AFA1104DAE4E002C0677 /* SelectableDetailView.h */,
				29A0AFA2104DAE4E002C0677 /* SelectableDetailView.m */,
				29A0AF9B104DAE10002C0677 /* SelectableCollectionView.h */,
				29A0AF9C104DAE10002C0677 /* SelectableCollectionView.m */,
				29A0AF9D104DAE10002C0677 /* SelectableViewItem.h */,
				29A0AF9E104DAE10002C0677 /* SelectableViewItem.m */,
				77C8280B06725ACE000B614F /* Almond_AppDelegate.h */,
				77C8280C06725ACE000B614F /* Almond_AppDelegate.m */,
				297F98CC105183A200206CCB /* FolderViewController.h */,
				297F98CD105183A200206CCB /* FolderViewController.m */,
				297F994110518B9C00206CCB /* RuleViewController.h */,
				297F994210518B9C00206CCB /* RuleViewController.m */,
				297F994410518BA700206CCB /* MethodViewController.h */,
				297F994510518BA700206CCB /* MethodViewController.m */,
				297F995310518F1D00206CCB /* BasicViewController.h */,
				297F995410518F1D00206CCB /* BasicViewController.m */,
				29A6D7191051B87000A22C0F /* LuaHandling.h */,
				29A6D71A1051B87000A22C0F /* LuaHandling.m */,
				29A6D7821051BDC100A22C0F /* DraggableDetailView.h */,
				29A6D7831051BDC100A22C0F /* DraggableDetailView.m */,
			);
			name = Classes;
			sourceTree = "<group>";
		};
		1058C7A0FEA54F0111CA2CBB /* Linked Frameworks */ = {
			isa = PBXGroup;
			children = (
				1058C7A1FEA54F0111CA2CBB /* Cocoa.framework */,
			);
			name = "Linked Frameworks";
			sourceTree = "<group>";
		};
		1058C7A2FEA54F0111CA2CBB /* Other Frameworks */ = {
			isa = PBXGroup;
			children = (
				77C82804067257F0000B614F /* CoreData.framework */,
				29B97325FDCFA39411CA2CEA /* Foundation.framework */,
				29B97324FDCFA39411CA2CEA /* AppKit.framework */,
			);
			name = "Other Frameworks";
			sourceTree = "<group>";
		};
		19C28FACFE9D520D11CA2CBB /* Products */ = {
			isa = PBXGroup;
			children = (
				8D1107320486CEB800E47090 /* Almond.app */,
				2922BD171052E99000F7DF18 /* AlmondWorker */,
			);
			name = Products;
			sourceTree = "<group>";
		};
		298322841052B90F0056424A /* Worker Process */ = {
			isa = PBXGroup;
			children = (
				2922BD261052E9F000F7DF18 /* worker_main.m */,
			);
			name = "Worker Process";
			sourceTree = "<group>";
		};
		29A6D5D51051ACAE00A22C0F /* LUA */ = {
			isa = PBXGroup;
			children = (
				29A6D5D61051ACCA00A22C0F /* lapi.c */,
				29A6D5D71051ACCA00A22C0F /* lapi.h */,
				29A6D5D81051ACCA00A22C0F /* lauxlib.c */,
				29A6D5D91051ACCA00A22C0F /* lauxlib.h */,
				29A6D5DA1051ACCA00A22C0F /* lbaselib.c */,
				29A6D5DB1051ACCA00A22C0F /* lcode.c */,
				29A6D5DC1051ACCA00A22C0F /* lcode.h */,
				29A6D5DD1051ACCA00A22C0F /* ldblib.c */,
				29A6D5DE1051ACCA00A22C0F /* ldebug.c */,
				29A6D5DF1051ACCA00A22C0F /* ldebug.h */,
				29A6D5E01051ACCA00A22C0F /* ldo.c */,
				29A6D5E11051ACCA00A22C0F /* ldo.h */,
				29A6D5E21051ACCA00A22C0F /* ldump.c */,
				29A6D5E31051ACCA00A22C0F /* lfunc.c */,
				29A6D5E41051ACCA00A22C0F /* lfunc.h */,
				29A6D5E51051ACCA00A22C0F /* lgc.c */,
				29A6D5E61051ACCA00A22C0F /* lgc.h */,
				29A6D5E71051ACCA00A22C0F /* linit.c */,
				29A6D5E81051ACCA00A22C0F /* liolib.c */,
				29A6D5E91051ACCA00A22C0F /* llex.c */,
				29A6D5EA1051ACCA00A22C0F /* llex.h */,
				29A6D5EB1051ACCA00A22C0F /* llimits.h */,
				29A6D5EC1051ACCA00A22C0F /* lmathlib.c */,
				29A6D5ED1051ACCA00A22C0F /* lmem.c */,
				29A6D5EE1051ACCA00A22C0F /* lmem.h */,
				29A6D5EF1051ACCA00A22C0F /* loadlib.c */,
				29A6D5F01051ACCA00A22C0F /* lobject.c */,
				29A6D5F11051ACCA00A22C0F /* lobject.h */,
				29A6D5F21051ACCA00A22C0F /* lopcodes.c */,
				29A6D5F31051ACCA00A22C0F /* lopcodes.h */,
				29A6D5F41051ACCA00A22C0F /* loslib.c */,
				29A6D5F51051ACCA00A22C0F /* lparser.c */,
				29A6D5F61051ACCA00A22C0F /* lparser.h */,
				29A6D5F71051ACCA00A22C0F /* lstate.c */,
				29A6D5F81051ACCA00A22C0F /* lstate.h */,
				29A6D5F91051ACCA00A22C0F /* lstring.c */,
				29A6D5FA1051ACCA00A22C0F /* lstring.h */,
				29A6D5FB1051ACCA00A22C0F /* lstrlib.c */,
				29A6D5FC1051ACCA00A22C0F /* ltable.c */,
				29A6D5FD1051ACCA00A22C0F /* ltable.h */,
				29A6D5FE1051ACCA00A22C0F /* ltablib.c */,
				29A6D5FF1051ACCA00A22C0F /* ltm.c */,
				29A6D6001051ACCA00A22C0F /* ltm.h */,
				29A6D6041051ACCA00A22C0F /* luaconf.h */,
				29A6D6051051ACCA00A22C0F /* lualib.h */,
				29A6D6061051ACCA00A22C0F /* lundump.c */,
				29A6D6071051ACCA00A22C0F /* lundump.h */,
				29A6D6081051ACCA00A22C0F /* lvm.c */,
				29A6D6091051ACCA00A22C0F /* lvm.h */,
				29A6D60A1051ACCA00A22C0F /* lzio.c */,
				29A6D60B1051ACCA00A22C0F /* lzio.h */,
				29A6D60C1051ACCA00A22C0F /* print.c */,
			);
			name = LUA;
			sourceTree = "<group>";
		};
		29A6D6351051ADD500A22C0F /* Library */ = {
			isa = PBXGroup;
			children = (
				29A6D6421051AE2000A22C0F /* StandardLibrary.lua */,
			);
			name = Library;
			sourceTree = "<group>";
		};
		29B97314FDCFA39411CA2CEA /* Almond */ = {
			isa = PBXGroup;
			children = (
				298322841052B90F0056424A /* Worker Process */,
				29A6D6351051ADD500A22C0F /* Library */,
				7756732906782D8800D1FEB8 /* Models */,
				080E96DDFE201D6D7F000001 /* Classes */,
				29B97315FDCFA39411CA2CEA /* Other Sources */,
				29B97317FDCFA39411CA2CEA /* Resources */,
				29B97323FDCFA39411CA2CEA /* Frameworks */,
				19C28FACFE9D520D11CA2CBB /* Products */,
				29A6D5D51051ACAE00A22C0F /* LUA */,
				298322BE1052BAB50056424A /* AlmondWorker-Info.plist */,
			);
			name = Almond;
			sourceTree = "<group>";
		};
		29B97315FDCFA39411CA2CEA /* Other Sources */ = {
			isa = PBXGroup;
			children = (
				32CA4F630368D1EE00C91783 /* Almond_Prefix.pch */,
				29B97316FDCFA39411CA2CEA /* main.m */,
			);
			name = "Other Sources";
			sourceTree = "<group>";
		};
		29B97317FDCFA39411CA2CEA /* Resources */ = {
			isa = PBXGroup;
			children = (
				8D1107310486CEB800E47090 /* Almond-Info.plist */,
				089C165CFE840E0CC02AAC07 /* InfoPlist.strings */,
				2F7446970DB6B7EA00F9684A /* MainMenu.xib */,
				297F98D0105183CB00206CCB /* FolderView.xib */,
				297F993D10518B7D00206CCB /* RuleView.xib */,
				297F993F10518B8B00206CCB /* MethodView.xib */,
			);
			name = Resources;
			sourceTree = "<group>";
		};
		29B97323FDCFA39411CA2CEA /* Frameworks */ = {
			isa = PBXGroup;
			children = (
				1058C7A0FEA54F0111CA2CBB /* Linked Frameworks */,
				1058C7A2FEA54F0111CA2CBB /* Other Frameworks */,
			);
			name = Frameworks;
			sourceTree = "<group>";
		};
		7756732906782D8800D1FEB8 /* Models */ = {
			isa = PBXGroup;
			children = (
				770B37EC0679A11B001EADE2 /* Almond_DataModel.xcdatamodel */,
			);
			name = Models;
			sourceTree = "<group>";
		};
/* End PBXGroup section */

/* Begin PBXNativeTarget section */
		2922BD161052E99000F7DF18 /* AlmondWorker */ = {
			isa = PBXNativeTarget;
			buildConfigurationList = 2922BD241052E9E500F7DF18 /* Build configuration list for PBXNativeTarget "AlmondWorker" */;
			buildPhases = (
				2922BD141052E99000F7DF18 /* Sources */,
				2922BD151052E99000F7DF18 /* Frameworks */,
			);
			buildRules = (
			);
			dependencies = (
			);
			name = AlmondWorker;
			productName = AlmondWorker;
			productReference = 2922BD171052E99000F7DF18 /* AlmondWorker */;
			productType = "com.apple.product-type.tool";
		};
		8D1107260486CEB800E47090 /* Almond */ = {
			isa = PBXNativeTarget;
			buildConfigurationList = 26FC0A840875C7B200E6366F /* Build configuration list for PBXNativeTarget "Almond" */;
			buildPhases = (
				8D1107290486CEB800E47090 /* Resources */,
				8D11072C0486CEB800E47090 /* Sources */,
				8D11072E0486CEB800E47090 /* Frameworks */,
				2922BD471052EBA800F7DF18 /* ShellScript */,
			);
			buildRules = (
			);
			dependencies = (
				2922BD361052EA6D00F7DF18 /* PBXTargetDependency */,
			);
			name = Almond;
			productInstallPath = "$(HOME)/Applications";
			productName = Almond;
			productReference = 8D1107320486CEB800E47090 /* Almond.app */;
			productType = "com.apple.product-type.application";
		};
/* End PBXNativeTarget section */

/* Begin PBXProject section */
		29B97313FDCFA39411CA2CEA /* Project object */ = {
			isa = PBXProject;
			buildConfigurationList = 26FC0A880875C7B200E6366F /* Build configuration list for PBXProject "Almond" */;
			compatibilityVersion = "Xcode 3.1";
			hasScannedForEncodings = 1;
			mainGroup = 29B97314FDCFA39411CA2CEA /* Almond */;
			projectDirPath = "";
			projectRoot = "";
			targets = (
				8D1107260486CEB800E47090 /* Almond */,
				2922BD161052E99000F7DF18 /* AlmondWorker */,
			);
		};
/* End PBXProject section */

/* Begin PBXResourcesBuildPhase section */
		8D1107290486CEB800E47090 /* Resources */ = {
			isa = PBXResourcesBuildPhase;
			buildActionMask = 2147483647;
			files = (
				29A6D6431051AE2000A22C0F /* StandardLibrary.lua in Resources */,
				8D11072B0486CEB800E47090 /* InfoPlist.strings in Resources */,
				2F7446990DB6B7EA00F9684A /* MainMenu.xib in Resources */,
				297F98D1105183CB00206CCB /* FolderView.xib in Resources */,
				297F993E10518B7D00206CCB /* RuleView.xib in Resources */,
				297F994010518B8B00206CCB /* MethodView.xib in Resources */,
			);
			runOnlyForDeploymentPostprocessing = 0;
		};
/* End PBXResourcesBuildPhase section */

/* Begin PBXShellScriptBuildPhase section */
		2922BD471052EBA800F7DF18 /* ShellScript */ = {
			isa = PBXShellScriptBuildPhase;
			buildActionMask = 2147483647;
			files = (
			);
			inputPaths = (
			);
			outputPaths = (
			);
			runOnlyForDeploymentPostprocessing = 0;
			shellPath = /bin/sh;
			shellScript = "cd ${TARGET_BUILD_DIR}\ncp AlmondWorker Almond.app/Contents/MacOS\n";
		};
/* End PBXShellScriptBuildPhase section */

/* Begin PBXSourcesBuildPhase section */
		2922BD141052E99000F7DF18 /* Sources */ = {
			isa = PBXSourcesBuildPhase;
			buildActionMask = 2147483647;
			files = (
				2922BD271052E9F000F7DF18 /* worker_main.m in Sources */,
				2922BD521052ECB800F7DF18 /* liolib.c in Sources */,
				2922BD531052ECB800F7DF18 /* ldblib.c in Sources */,
				2922BD541052ECB800F7DF18 /* llex.c in Sources */,
				2922BD551052ECB800F7DF18 /* lparser.c in Sources */,
				2922BD561052ECB800F7DF18 /* lstring.c in Sources */,
				2922BD571052ECB800F7DF18 /* loslib.c in Sources */,
				2922BD581052ECB800F7DF18 /* lstrlib.c in Sources */,
				2922BD591052ECB800F7DF18 /* lfunc.c in Sources */,
				2922BD5A1052ECB800F7DF18 /* ltablib.c in Sources */,
				2922BD5B1052ECB800F7DF18 /* lundump.c in Sources */,
				2922BD5C1052ECB800F7DF18 /* lvm.c in Sources */,
				2922BD5D1052ECB800F7DF18 /* linit.c in Sources */,
				2922BD5E1052ECB800F7DF18 /* lauxlib.c in Sources */,
				2922BD5F1052ECB800F7DF18 /* lcode.c in Sources */,
				2922BD601052ECB800F7DF18 /* ldebug.c in Sources */,
				2922BD611052ECB800F7DF18 /* ldo.c in Sources */,
				2922BD621052ECB800F7DF18 /* loadlib.c in Sources */,
				2922BD631052ECB800F7DF18 /* lapi.c in Sources */,
				2922BD641052ECB800F7DF18 /* lobject.c in Sources */,
				2922BD651052ECB800F7DF18 /* ltable.c in Sources */,
				2922BD661052ECB800F7DF18 /* lmathlib.c in Sources */,
				2922BD671052ECB800F7DF18 /* print.c in Sources */,
				2922BD681052ECB800F7DF18 /* lbaselib.c in Sources */,
				2922BD691052ECB800F7DF18 /* ltm.c in Sources */,
				2922BD6A1052ECB800F7DF18 /* lmem.c in Sources */,
				2922BD6B1052ECB800F7DF18 /* lstate.c in Sources */,
				2922BD6C1052ECB800F7DF18 /* ldump.c in Sources */,
				2922BD6D1052ECB800F7DF18 /* lgc.c in Sources */,
				2922BD6E1052ECB800F7DF18 /* lopcodes.c in Sources */,
				2922BD6F1052ECB800F7DF18 /* lzio.c in Sources */,
			);
			runOnlyForDeploymentPostprocessing = 0;
		};
		8D11072C0486CEB800E47090 /* Sources */ = {
			isa = PBXSourcesBuildPhase;
			buildActionMask = 2147483647;
			files = (
				8D11072D0486CEB800E47090 /* main.m in Sources */,
				77C8280E06725ACE000B614F /* Almond_AppDelegate.m in Sources */,
				770B37ED0679A11B001EADE2 /* Almond_DataModel.xcdatamodel in Sources */,
				29A0AF9F104DAE10002C0677 /* SelectableCollectionView.m in Sources */,
				29A0AFA0104DAE10002C0677 /* SelectableViewItem.m in Sources */,
				29A0AFA3104DAE4E002C0677 /* SelectableDetailView.m in Sources */,
				29CF171D104DC9F30046DCCF /* ValueTransformers.m in Sources */,
				297F98CE105183A200206CCB /* FolderViewController.m in Sources */,
				297F994310518B9C00206CCB /* RuleViewController.m in Sources */,
				297F994610518BA700206CCB /* MethodViewController.m in Sources */,
				297F995510518F1D00206CCB /* BasicViewController.m in Sources */,
				29A6D60D1051ACCA00A22C0F /* lapi.c in Sources */,
				29A6D60E1051ACCA00A22C0F /* lauxlib.c in Sources */,
				29A6D60F1051ACCA00A22C0F /* lbaselib.c in Sources */,
				29A6D6101051ACCA00A22C0F /* lcode.c in Sources */,
				29A6D6111051ACCA00A22C0F /* ldblib.c in Sources */,
				29A6D6121051ACCA00A22C0F /* ldebug.c in Sources */,
				29A6D6131051ACCA00A22C0F /* ldo.c in Sources */,
				29A6D6141051ACCA00A22C0F /* ldump.c in Sources */,
				29A6D6151051ACCA00A22C0F /* lfunc.c in Sources */,
				29A6D6161051ACCA00A22C0F /* lgc.c in Sources */,
				29A6D6171051ACCA00A22C0F /* linit.c in Sources */,
				29A6D6181051ACCA00A22C0F /* liolib.c in Sources */,
				29A6D6191051ACCA00A22C0F /* llex.c in Sources */,
				29A6D61A1051ACCA00A22C0F /* lmathlib.c in Sources */,
				29A6D61B1051ACCA00A22C0F /* lmem.c in Sources */,
				29A6D61C1051ACCA00A22C0F /* loadlib.c in Sources */,
				29A6D61D1051ACCA00A22C0F /* lobject.c in Sources */,
				29A6D61E1051ACCA00A22C0F /* lopcodes.c in Sources */,
				29A6D61F1051ACCA00A22C0F /* loslib.c in Sources */,
				29A6D6201051ACCA00A22C0F /* lparser.c in Sources */,
				29A6D6211051ACCA00A22C0F /* lstate.c in Sources */,
				29A6D6221051ACCA00A22C0F /* lstring.c in Sources */,
				29A6D6231051ACCA00A22C0F /* lstrlib.c in Sources */,
				29A6D6241051ACCA00A22C0F /* ltable.c in Sources */,
				29A6D6251051ACCA00A22C0F /* ltablib.c in Sources */,
				29A6D6261051ACCA00A22C0F /* ltm.c in Sources */,
				29A6D6291051ACCA00A22C0F /* lundump.c in Sources */,
				29A6D62A1051ACCA00A22C0F /* lvm.c in Sources */,
				29A6D62B1051ACCA00A22C0F /* lzio.c in Sources */,
				29A6D62C1051ACCA00A22C0F /* print.c in Sources */,
				29A6D71B1051B87000A22C0F /* LuaHandling.m in Sources */,
				29A6D7841051BDC100A22C0F /* DraggableDetailView.m in Sources */,
			);
			runOnlyForDeploymentPostprocessing = 0;
		};
/* End PBXSourcesBuildPhase section */

/* Begin PBXTargetDependency section */
		2922BD361052EA6D00F7DF18 /* PBXTargetDependency */ = {
			isa = PBXTargetDependency;
			target = 2922BD161052E99000F7DF18 /* AlmondWorker */;
			targetProxy = 2922BD351052EA6D00F7DF18 /* PBXContainerItemProxy */;
		};
/* End PBXTargetDependency section */

/* Begin PBXVariantGroup section */
		089C165CFE840E0CC02AAC07 /* InfoPlist.strings */ = {
			isa = PBXVariantGroup;
			children = (
				089C165DFE840E0CC02AAC07 /* English */,
			);
			name = InfoPlist.strings;
			sourceTree = "<group>";
		};
		2F7446970DB6B7EA00F9684A /* MainMenu.xib */ = {
			isa = PBXVariantGroup;
			children = (
				2F7446980DB6B7EA00F9684A /* English */,
			);
			name = MainMenu.xib;
			sourceTree = "<group>";
		};
/* End PBXVariantGroup section */

/* Begin XCBuildConfiguration section */
		26FC0A850875C7B200E6366F /* Debug */ = {
			isa = XCBuildConfiguration;
			buildSettings = {
				ARCHS = "$(ARCHS_STANDARD_32_64_BIT)";
				COPY_PHASE_STRIP = NO;
				GCC_DYNAMIC_NO_PIC = NO;
				GCC_ENABLE_FIX_AND_CONTINUE = YES;
				GCC_ENABLE_OBJC_EXCEPTIONS = YES;
				GCC_MODEL_TUNING = G5;
				GCC_OPTIMIZATION_LEVEL = 0;
				GCC_PRECOMPILE_PREFIX_HEADER = YES;
				GCC_PREFIX_HEADER = Almond_Prefix.pch;
				INFOPLIST_FILE = "Almond-Info.plist";
				INSTALL_PATH = "$(HOME)/Applications";
				PRODUCT_NAME = Almond;
				WRAPPER_EXTENSION = app;
			};
			name = Debug;
		};
		26FC0A860875C7B200E6366F /* Release */ = {
			isa = XCBuildConfiguration;
			buildSettings = {
				DEBUG_INFORMATION_FORMAT = "dwarf-with-dsym";
				GCC_ENABLE_OBJC_EXCEPTIONS = YES;
				GCC_MODEL_TUNING = G5;
				GCC_PRECOMPILE_PREFIX_HEADER = YES;
				GCC_PREFIX_HEADER = Almond_Prefix.pch;
				INFOPLIST_FILE = "Almond-Info.plist";
				INSTALL_PATH = "$(HOME)/Applications";
				PRODUCT_NAME = Almond;
				WRAPPER_EXTENSION = app;
			};
			name = Release;
		};
		26FC0A890875C7B200E6366F /* Debug */ = {
			isa = XCBuildConfiguration;
			buildSettings = {
				ARCHS = "$(ARCHS_STANDARD_32_64_BIT)";
				CURRENT_PROJECT_VERSION = 1;
				GCC_C_LANGUAGE_STANDARD = gnu99;
				GCC_WARN_ABOUT_RETURN_TYPE = YES;
				GCC_WARN_UNUSED_VARIABLE = YES;
				ONLY_ACTIVE_ARCH = YES;
				OTHER_CFLAGS = "-DLUA_USE_LINUX";
				PREBINDING = NO;
				SDKROOT = macosx10.6;
				VERSIONING_SYSTEM = "apple-generic";
			};
			name = Debug;
		};
		26FC0A8A0875C7B200E6366F /* Release */ = {
			isa = XCBuildConfiguration;
			buildSettings = {
				ARCHS = "$(ARCHS_STANDARD_32_64_BIT)";
				CURRENT_PROJECT_VERSION = 1;
				GCC_C_LANGUAGE_STANDARD = gnu99;
				GCC_WARN_ABOUT_RETURN_TYPE = YES;
				GCC_WARN_UNUSED_VARIABLE = YES;
				OTHER_CFLAGS = "-DLUA_USE_LINUX";
				PREBINDING = NO;
				SDKROOT = macosx10.6;
				VERSIONING_SYSTEM = "apple-generic";
			};
			name = Release;
		};
		2922BD191052E99000F7DF18 /* Debug */ = {
			isa = XCBuildConfiguration;
			buildSettings = {
				ALWAYS_SEARCH_USER_PATHS = NO;
				COPY_PHASE_STRIP = NO;
				GCC_DYNAMIC_NO_PIC = NO;
				GCC_ENABLE_FIX_AND_CONTINUE = YES;
				GCC_MODEL_TUNING = G5;
				GCC_OPTIMIZATION_LEVEL = 0;
				GCC_PRECOMPILE_PREFIX_HEADER = YES;
				GCC_PREFIX_HEADER = "";
				INSTALL_PATH = /usr/local/bin;
				OTHER_LDFLAGS = (
					"-framework",
					Foundation,
					"-framework",
					AppKit,
				);
				PREBINDING = NO;
				PRODUCT_NAME = AlmondWorker;
			};
			name = Debug;
		};
		2922BD1A1052E99000F7DF18 /* Release */ = {
			isa = XCBuildConfiguration;
			buildSettings = {
				ALWAYS_SEARCH_USER_PATHS = NO;
				COPY_PHASE_STRIP = YES;
				DEBUG_INFORMATION_FORMAT = "dwarf-with-dsym";
				GCC_ENABLE_FIX_AND_CONTINUE = NO;
				GCC_MODEL_TUNING = G5;
				GCC_PRECOMPILE_PREFIX_HEADER = YES;
				GCC_PREFIX_HEADER = "";
				INSTALL_PATH = /usr/local/bin;
				OTHER_LDFLAGS = (
					"-framework",
					Foundation,
					"-framework",
					AppKit,
				);
				PREBINDING = NO;
				PRODUCT_NAME = AlmondWorker;
				ZERO_LINK = NO;
			};
			name = Release;
		};
/* End XCBuildConfiguration section */

/* Begin XCConfigurationList section */
		26FC0A840875C7B200E6366F /* Build configuration list for PBXNativeTarget "Almond" */ = {
			isa = XCConfigurationList;
			buildConfigurations = (
				26FC0A850875C7B200E6366F /* Debug */,
				26FC0A860875C7B200E6366F /* Release */,
			);
			defaultConfigurationIsVisible = 0;
			defaultConfigurationName = Release;
		};
		26FC0A880875C7B200E6366F /* Build configuration list for PBXProject "Almond" */ = {
			isa = XCConfigurationList;
			buildConfigurations = (
				26FC0A890875C7B200E6366F /* Debug */,
				26FC0A8A0875C7B200E6366F /* Release */,
			);
			defaultConfigurationIsVisible = 0;
			defaultConfigurationName = Release;
		};
		2922BD241052E9E500F7DF18 /* Build configuration list for PBXNativeTarget "AlmondWorker" */ = {
			isa = XCConfigurationList;
			buildConfigurations = (
				2922BD191052E99000F7DF18 /* Debug */,
				2922BD1A1052E99000F7DF18 /* Release */,
			);
			defaultConfigurationIsVisible = 0;
			defaultConfigurationName = Release;
		};
/* End XCConfigurationList section */
	};
	rootObject = 29B97313FDCFA39411CA2CEA /* Project object */;
}
